
Microsoft Visual Studio Solution File, Format Version 12.00
# Visual Studio Version 16
VisualStudioVersion = 16.0.29613.14
MinimumVisualStudioVersion = 10.0.40219.1
Project("{00D1A9C2-B5F0-4AF3-8072-F6C62B433612}") = "2-Waambot-DB", "2-Waambot-DB\2-Waambot-DB.sqlproj", "{842AF3C7-529D-4FE7-A6EE-DD42AEE3BE4D}"
EndProject
Project("{9A19103F-16F7-4668-BE54-9A1E7A4F7556}") = "5-Waambot-Test", "5-Waambot-Test\5-Waambot-Test.csproj", "{D5F08B45-9F40-417E-BA1A-83B69DFDDC69}"
EndProject
Project("{9A19103F-16F7-4668-BE54-9A1E7A4F7556}") = "3-Waambot-API", "3-Waambot-API\3-Waambot-API.csproj", "{6EBA4750-957B-4550-AC72-59D6EF865DC8}"
EndProject
Project("{9A19103F-16F7-4668-BE54-9A1E7A4F7556}") = "4-Waambot-Service", "4-Waambot-Service\4-Waambot-Service.csproj", "{3D23A964-3732-45C3-B302-F2A317D38F87}"
EndProject
Project("{9A19103F-16F7-4668-BE54-9A1E7A4F7556}") = "1-Waambot-Core", "1-Waambot-Core\1-Waambot-Core.csproj", "{957B9918-4370-4B78-A3D0-A7BEDBCC87C4}"
EndProject
Global
	GlobalSection(SolutionConfigurationPlatforms) = preSolution
		Debug|Any CPU = Debug|Any CPU
		Release|Any CPU = Release|Any CPU
	EndGlobalSection
	GlobalSection(ProjectConfigurationPlatforms) = postSolution
		{842AF3C7-529D-4FE7-A6EE-DD42AEE3BE4D}.Debug|Any CPU.ActiveCfg = Debug|Any CPU
		{842AF3C7-529D-4FE7-A6EE-DD42AEE3BE4D}.Debug|Any CPU.Build.0 = Debug|Any CPU
		{842AF3C7-529D-4FE7-A6EE-DD42AEE3BE4D}.Debug|Any CPU.Deploy.0 = Debug|Any CPU
		{842AF3C7-529D-4FE7-A6EE-DD42AEE3BE4D}.Release|Any CPU.ActiveCfg = Release|Any CPU
		{842AF3C7-529D-4FE7-A6EE-DD42AEE3BE4D}.Release|Any CPU.Build.0 = Release|Any CPU
		{842AF3C7-529D-4FE7-A6EE-DD42AEE3BE4D}.Release|Any CPU.Deploy.0 = Release|Any CPU
		{D5F08B45-9F40-417E-BA1A-83B69DFDDC69}.Debug|Any CPU.ActiveCfg = Debug|Any CPU
		{D5F08B45-9F40-417E-BA1A-83B69DFDDC69}.Debug|Any CPU.Build.0 = Debug|Any CPU
		{D5F08B45-9F40-417E-BA1A-83B69DFDDC69}.Release|Any CPU.ActiveCfg = Release|Any CPU
		{D5F08B45-9F40-417E-BA1A-83B69DFDDC69}.Release|Any CPU.Build.0 = Release|Any CPU
		{6EBA4750-957B-4550-AC72-59D6EF865DC8}.Debug|Any CPU.ActiveCfg = Debug|Any CPU
		{6EBA4750-957B-4550-AC72-59D6EF865DC8}.Debug|Any CPU.Build.0 = Debug|Any CPU
		{6EBA4750-957B-4550-AC72-59D6EF865DC8}.Release|Any CPU.ActiveCfg = Release|Any CPU
		{6EBA4750-957B-4550-AC72-59D6EF865DC8}.Release|Any CPU.Build.0 = Release|Any CPU
		{3D23A964-3732-45C3-B302-F2A317D38F87}.Debug|Any CPU.ActiveCfg = Debug|Any CPU
		{3D23A964-3732-45C3-B302-F2A317D38F87}.Debug|Any CPU.Build.0 = Debug|Any CPU
		{3D23A964-3732-45C3-B302-F2A317D38F87}.Release|Any CPU.ActiveCfg = Release|Any CPU
		{3D23A964-3732-45C3-B302-F2A317D38F87}.Release|Any CPU.Build.0 = Release|Any CPU
		{957B9918-4370-4B78-A3D0-A7BEDBCC87C4}.Debug|Any CPU.ActiveCfg = Debug|Any CPU
		{957B9918-4370-4B78-A3D0-A7BEDBCC87C4}.Debug|Any CPU.Build.0 = Debug|Any CPU
		{957B9918-4370-4B78-A3D0-A7BEDBCC87C4}.Release|Any CPU.ActiveCfg = Release|Any CPU
		{957B9918-4370-4B78-A3D0-A7BEDBCC87C4}.Release|Any CPU.Build.0 = Release|Any CPU
	EndGlobalSection
	GlobalSection(SolutionProperties) = preSolution
		HideSolutionNode = FALSE
	EndGlobalSection
	GlobalSection(ExtensibilityGlobals) = postSolution
		SolutionGuid = {D8293C92-E4C1-4688-9025-193E15BC7589}
	EndGlobalSection
EndGlobal
